// !$*UTF8*$!
{
	archiveVersion = 1;
	classes = {
	};
	objectVersion = 46;
	objects = {

/* Begin PBXBuildFile section */
		E793DEB0903AA0E1B6521192 /* libPods.a in Frameworks */ = {isa = PBXBuildFile; fileRef = CF127054B340C27AB617F1D6 /* libPods.a */; };
		F8099E731BBA20950020D7DE /* ProductCell.swift in Sources */ = {isa = PBXBuildFile; fileRef = F8099E721BBA20950020D7DE /* ProductCell.swift */; settings = {ASSET_TAGS = (); }; };
		F8099E751BBA20C20020D7DE /* ProductHeaderView.swift in Sources */ = {isa = PBXBuildFile; fileRef = F8099E741BBA20C20020D7DE /* ProductHeaderView.swift */; settings = {ASSET_TAGS = (); }; };
		F8099E7B1BBA28D40020D7DE /* UIImageView+product.swift in Sources */ = {isa = PBXBuildFile; fileRef = F8099E7A1BBA28D40020D7DE /* UIImageView+product.swift */; settings = {ASSET_TAGS = (); }; };
		F8099E7D1BBA2A320020D7DE /* ProductCellModel.swift in Sources */ = {isa = PBXBuildFile; fileRef = F8099E7C1BBA2A320020D7DE /* ProductCellModel.swift */; settings = {ASSET_TAGS = (); }; };
		F8099E7F1BBA3B3A0020D7DE /* ProductDetailView.swift in Sources */ = {isa = PBXBuildFile; fileRef = F8099E7E1BBA3B3A0020D7DE /* ProductDetailView.swift */; settings = {ASSET_TAGS = (); }; };
		F85393E81BB9329D00D630B5 /* AppDelegate.swift in Sources */ = {isa = PBXBuildFile; fileRef = F85393E71BB9329D00D630B5 /* AppDelegate.swift */; };
		F85393EA1BB9329D00D630B5 /* ViewController.swift in Sources */ = {isa = PBXBuildFile; fileRef = F85393E91BB9329D00D630B5 /* ViewController.swift */; };
		F85393ED1BB9329D00D630B5 /* Main.storyboard in Resources */ = {isa = PBXBuildFile; fileRef = F85393EB1BB9329D00D630B5 /* Main.storyboard */; };
		F85393F01BB9329D00D630B5 /* product.xcdatamodeld in Sources */ = {isa = PBXBuildFile; fileRef = F85393EE1BB9329D00D630B5 /* product.xcdatamodeld */; };
		F85393F21BB9329D00D630B5 /* Assets.xcassets in Resources */ = {isa = PBXBuildFile; fileRef = F85393F11BB9329D00D630B5 /* Assets.xcassets */; };
		F85393F51BB9329D00D630B5 /* LaunchScreen.storyboard in Resources */ = {isa = PBXBuildFile; fileRef = F85393F31BB9329D00D630B5 /* LaunchScreen.storyboard */; };
		F85394001BB9329D00D630B5 /* productTests.swift in Sources */ = {isa = PBXBuildFile; fileRef = F85393FF1BB9329D00D630B5 /* productTests.swift */; };
		F853940B1BB9329D00D630B5 /* productUITests.swift in Sources */ = {isa = PBXBuildFile; fileRef = F853940A1BB9329D00D630B5 /* productUITests.swift */; };
		F88553AC1BB93E3F0000D1D5 /* theme.swift in Sources */ = {isa = PBXBuildFile; fileRef = F88553AB1BB93E3F0000D1D5 /* theme.swift */; settings = {ASSET_TAGS = (); }; };
		F88553AE1BB9409C0000D1D5 /* UIColor+product.swift in Sources */ = {isa = PBXBuildFile; fileRef = F88553AD1BB9409C0000D1D5 /* UIColor+product.swift */; settings = {ASSET_TAGS = (); }; };
/* End PBXBuildFile section */

/* Begin PBXContainerItemProxy section */
		F85393FC1BB9329D00D630B5 /* PBXContainerItemProxy */ = {
			isa = PBXContainerItemProxy;
			containerPortal = F85393DC1BB9329D00D630B5 /* Project object */;
			proxyType = 1;
			remoteGlobalIDString = F85393E31BB9329D00D630B5;
			remoteInfo = product;
		};
		F85394071BB9329D00D630B5 /* PBXContainerItemProxy */ = {
			isa = PBXContainerItemProxy;
			containerPortal = F85393DC1BB9329D00D630B5 /* Project object */;
			proxyType = 1;
			remoteGlobalIDString = F85393E31BB9329D00D630B5;
			remoteInfo = product;
		};
/* End PBXContainerItemProxy section */

/* Begin PBXFileReference section */
		322D9EC62E2A25F6A22760F2 /* Pods.release.xcconfig */ = {isa = PBXFileReference; includeInIndex = 1; lastKnownFileType = text.xcconfig; name = Pods.release.xcconfig; path = "Pods/Target Support Files/Pods/Pods.release.xcconfig"; sourceTree = "<group>"; };
		A461FFECDAE5F9C96E182E0A /* Pods.debug.xcconfig */ = {isa = PBXFileReference; includeInIndex = 1; lastKnownFileType = text.xcconfig; name = Pods.debug.xcconfig; path = "Pods/Target Support Files/Pods/Pods.debug.xcconfig"; sourceTree = "<group>"; };
		CF127054B340C27AB617F1D6 /* libPods.a */ = {isa = PBXFileReference; explicitFileType = archive.ar; includeInIndex = 0; path = libPods.a; sourceTree = BUILT_PRODUCTS_DIR; };
		F8099E721BBA20950020D7DE /* ProductCell.swift */ = {isa = PBXFileReference; fileEncoding = 4; lastKnownFileType = sourcecode.swift; path = ProductCell.swift; sourceTree = "<group>"; };
		F8099E741BBA20C20020D7DE /* ProductHeaderView.swift */ = {isa = PBXFileReference; fileEncoding = 4; lastKnownFileType = sourcecode.swift; path = ProductHeaderView.swift; sourceTree = "<group>"; };
		F8099E761BBA23900020D7DE /* product-Bridging-Header.h */ = {isa = PBXFileReference; lastKnownFileType = sourcecode.c.h; path = "product-Bridging-Header.h"; sourceTree = "<group>"; };
		F8099E7A1BBA28D40020D7DE /* UIImageView+product.swift */ = {isa = PBXFileReference; fileEncoding = 4; lastKnownFileType = sourcecode.swift; path = "UIImageView+product.swift"; sourceTree = "<group>"; };
		F8099E7C1BBA2A320020D7DE /* ProductCellModel.swift */ = {isa = PBXFileReference; fileEncoding = 4; lastKnownFileType = sourcecode.swift; path = ProductCellModel.swift; sourceTree = "<group>"; };
		F8099E7E1BBA3B3A0020D7DE /* ProductDetailView.swift */ = {isa = PBXFileReference; fileEncoding = 4; lastKnownFileType = sourcecode.swift; path = ProductDetailView.swift; sourceTree = "<group>"; };
		F85393E41BB9329D00D630B5 /* product.app */ = {isa = PBXFileReference; explicitFileType = wrapper.application; includeInIndex = 0; path = product.app; sourceTree = BUILT_PRODUCTS_DIR; };
		F85393E71BB9329D00D630B5 /* AppDelegate.swift */ = {isa = PBXFileReference; lastKnownFileType = sourcecode.swift; path = AppDelegate.swift; sourceTree = "<group>"; };
		F85393E91BB9329D00D630B5 /* ViewController.swift */ = {isa = PBXFileReference; lastKnownFileType = sourcecode.swift; path = ViewController.swift; sourceTree = "<group>"; };
		F85393EC1BB9329D00D630B5 /* Base */ = {isa = PBXFileReference; lastKnownFileType = file.storyboard; name = Base; path = Base.lproj/Main.storyboard; sourceTree = "<group>"; };
		F85393EF1BB9329D00D630B5 /* product.xcdatamodel */ = {isa = PBXFileReference; lastKnownFileType = wrapper.xcdatamodel; path = product.xcdatamodel; sourceTree = "<group>"; };
		F85393F11BB9329D00D630B5 /* Assets.xcassets */ = {isa = PBXFileReference; lastKnownFileType = folder.assetcatalog; path = Assets.xcassets; sourceTree = "<group>"; };
		F85393F41BB9329D00D630B5 /* Base */ = {isa = PBXFileReference; lastKnownFileType = file.storyboard; name = Base; path = Base.lproj/LaunchScreen.storyboard; sourceTree = "<group>"; };
		F85393F61BB9329D00D630B5 /* Info.plist */ = {isa = PBXFileReference; lastKnownFileType = text.plist.xml; path = Info.plist; sourceTree = "<group>"; };
		F85393FB1BB9329D00D630B5 /* productTests.xctest */ = {isa = PBXFileReference; explicitFileType = wrapper.cfbundle; includeInIndex = 0; path = productTests.xctest; sourceTree = BUILT_PRODUCTS_DIR; };
		F85393FF1BB9329D00D630B5 /* productTests.swift */ = {isa = PBXFileReference; lastKnownFileType = sourcecode.swift; path = productTests.swift; sourceTree = "<group>"; };
		F85394011BB9329D00D630B5 /* Info.plist */ = {isa = PBXFileReference; lastKnownFileType = text.plist.xml; path = Info.plist; sourceTree = "<group>"; };
		F85394061BB9329D00D630B5 /* productUITests.xctest */ = {isa = PBXFileReference; explicitFileType = wrapper.cfbundle; includeInIndex = 0; path = productUITests.xctest; sourceTree = BUILT_PRODUCTS_DIR; };
		F853940A1BB9329D00D630B5 /* productUITests.swift */ = {isa = PBXFileReference; lastKnownFileType = sourcecode.swift; path = productUITests.swift; sourceTree = "<group>"; };
		F853940C1BB9329D00D630B5 /* Info.plist */ = {isa = PBXFileReference; lastKnownFileType = text.plist.xml; path = Info.plist; sourceTree = "<group>"; };
		F88553AB1BB93E3F0000D1D5 /* theme.swift */ = {isa = PBXFileReference; fileEncoding = 4; lastKnownFileType = sourcecode.swift; path = theme.swift; sourceTree = "<group>"; };
		F88553AD1BB9409C0000D1D5 /* UIColor+product.swift */ = {isa = PBXFileReference; fileEncoding = 4; lastKnownFileType = sourcecode.swift; path = "UIColor+product.swift"; sourceTree = "<group>"; };
/* End PBXFileReference section */

/* Begin PBXFrameworksBuildPhase section */
		F85393E11BB9329D00D630B5 /* Frameworks */ = {
			isa = PBXFrameworksBuildPhase;
			buildActionMask = 2147483647;
			files = (
				E793DEB0903AA0E1B6521192 /* libPods.a in Frameworks */,
			);
			runOnlyForDeploymentPostprocessing = 0;
		};
		F85393F81BB9329D00D630B5 /* Frameworks */ = {
			isa = PBXFrameworksBuildPhase;
			buildActionMask = 2147483647;
			files = (
			);
			runOnlyForDeploymentPostprocessing = 0;
		};
		F85394031BB9329D00D630B5 /* Frameworks */ = {
			isa = PBXFrameworksBuildPhase;
			buildActionMask = 2147483647;
			files = (
			);
			runOnlyForDeploymentPostprocessing = 0;
		};
/* End PBXFrameworksBuildPhase section */

/* Begin PBXGroup section */
		69F290E67AA893CCC76404DC /* Frameworks */ = {
			isa = PBXGroup;
			children = (
				CF127054B340C27AB617F1D6 /* libPods.a */,
			);
			name = Frameworks;
			sourceTree = "<group>";
		};
		F85393DB1BB9329D00D630B5 = {
			isa = PBXGroup;
			children = (
				F85393E61BB9329D00D630B5 /* product */,
				F85393FE1BB9329D00D630B5 /* productTests */,
				F85394091BB9329D00D630B5 /* productUITests */,
				F85393E51BB9329D00D630B5 /* Products */,
				FC6631D5C1A9419499DEB3A2 /* Pods */,
				69F290E67AA893CCC76404DC /* Frameworks */,
			);
			sourceTree = "<group>";
		};
		F85393E51BB9329D00D630B5 /* Products */ = {
			isa = PBXGroup;
			children = (
				F85393E41BB9329D00D630B5 /* product.app */,
				F85393FB1BB9329D00D630B5 /* productTests.xctest */,
				F85394061BB9329D00D630B5 /* productUITests.xctest */,
			);
			name = Products;
			sourceTree = "<group>";
		};
		F85393E61BB9329D00D630B5 /* product */ = {
			isa = PBXGroup;
			children = (
				F85393E71BB9329D00D630B5 /* AppDelegate.swift */,
				F85393E91BB9329D00D630B5 /* ViewController.swift */,
				F88553AB1BB93E3F0000D1D5 /* theme.swift */,
				F88553AD1BB9409C0000D1D5 /* UIColor+product.swift */,
				F8099E721BBA20950020D7DE /* ProductCell.swift */,
				F8099E741BBA20C20020D7DE /* ProductHeaderView.swift */,
				F8099E7A1BBA28D40020D7DE /* UIImageView+product.swift */,
				F8099E7C1BBA2A320020D7DE /* ProductCellModel.swift */,
				F8099E7E1BBA3B3A0020D7DE /* ProductDetailView.swift */,
				F85393EB1BB9329D00D630B5 /* Main.storyboard */,
				F85393F11BB9329D00D630B5 /* Assets.xcassets */,
				F85393F31BB9329D00D630B5 /* LaunchScreen.storyboard */,
				F85393F61BB9329D00D630B5 /* Info.plist */,
				F85393EE1BB9329D00D630B5 /* product.xcdatamodeld */,
				F8099E761BBA23900020D7DE /* product-Bridging-Header.h */,
			);
			path = product;
			sourceTree = "<group>";
		};
		F85393FE1BB9329D00D630B5 /* productTests */ = {
			isa = PBXGroup;
			children = (
				F85393FF1BB9329D00D630B5 /* productTests.swift */,
				F85394011BB9329D00D630B5 /* Info.plist */,
			);
			path = productTests;
			sourceTree = "<group>";
		};
		F85394091BB9329D00D630B5 /* productUITests */ = {
			isa = PBXGroup;
			children = (
				F853940A1BB9329D00D630B5 /* productUITests.swift */,
				F853940C1BB9329D00D630B5 /* Info.plist */,
			);
			path = productUITests;
			sourceTree = "<group>";
		};
		FC6631D5C1A9419499DEB3A2 /* Pods */ = {
			isa = PBXGroup;
			children = (
				A461FFECDAE5F9C96E182E0A /* Pods.debug.xcconfig */,
				322D9EC62E2A25F6A22760F2 /* Pods.release.xcconfig */,
			);
			name = Pods;
			sourceTree = "<group>";
		};
/* End PBXGroup section */

/* Begin PBXNativeTarget section */
		F85393E31BB9329D00D630B5 /* product */ = {
			isa = PBXNativeTarget;
			buildConfigurationList = F853940F1BB9329D00D630B5 /* Build configuration list for PBXNativeTarget "product" */;
			buildPhases = (
				50AC61C8F07F4070D3DFE92F /* Check Pods Manifest.lock */,
				F85393E01BB9329D00D630B5 /* Sources */,
				F85393E11BB9329D00D630B5 /* Frameworks */,
				F85393E21BB9329D00D630B5 /* Resources */,
				EA2280085E2386EDC50709C6 /* Copy Pods Resources */,
			);
			buildRules = (
			);
			dependencies = (
			);
			name = product;
			productName = product;
			productReference = F85393E41BB9329D00D630B5 /* product.app */;
			productType = "com.apple.product-type.application";
		};
		F85393FA1BB9329D00D630B5 /* productTests */ = {
			isa = PBXNativeTarget;
			buildConfigurationList = F85394121BB9329D00D630B5 /* Build configuration list for PBXNativeTarget "productTests" */;
			buildPhases = (
				F85393F71BB9329D00D630B5 /* Sources */,
				F85393F81BB9329D00D630B5 /* Frameworks */,
				F85393F91BB9329D00D630B5 /* Resources */,
			);
			buildRules = (
			);
			dependencies = (
				F85393FD1BB9329D00D630B5 /* PBXTargetDependency */,
			);
			name = productTests;
			productName = productTests;
			productReference = F85393FB1BB9329D00D630B5 /* productTests.xctest */;
			productType = "com.apple.product-type.bundle.unit-test";
		};
		F85394051BB9329D00D630B5 /* productUITests */ = {
			isa = PBXNativeTarget;
			buildConfigurationList = F85394151BB9329D00D630B5 /* Build configuration list for PBXNativeTarget "productUITests" */;
			buildPhases = (
				F85394021BB9329D00D630B5 /* Sources */,
				F85394031BB9329D00D630B5 /* Frameworks */,
				F85394041BB9329D00D630B5 /* Resources */,
			);
			buildRules = (
			);
			dependencies = (
				F85394081BB9329D00D630B5 /* PBXTargetDependency */,
			);
			name = productUITests;
			productName = productUITests;
			productReference = F85394061BB9329D00D630B5 /* productUITests.xctest */;
			productType = "com.apple.product-type.bundle.ui-testing";
		};
/* End PBXNativeTarget section */

/* Begin PBXProject section */
		F85393DC1BB9329D00D630B5 /* Project object */ = {
			isa = PBXProject;
			attributes = {
				LastSwiftUpdateCheck = 0700;
				LastUpgradeCheck = 0700;
				ORGANIZATIONNAME = com.freshfresh;
				TargetAttributes = {
					F85393E31BB9329D00D630B5 = {
						CreatedOnToolsVersion = 7.0;
					};
					F85393FA1BB9329D00D630B5 = {
						CreatedOnToolsVersion = 7.0;
						TestTargetID = F85393E31BB9329D00D630B5;
					};
					F85394051BB9329D00D630B5 = {
						CreatedOnToolsVersion = 7.0;
						TestTargetID = F85393E31BB9329D00D630B5;
					};
				};
			};
			buildConfigurationList = F85393DF1BB9329D00D630B5 /* Build configuration list for PBXProject "product" */;
			compatibilityVersion = "Xcode 3.2";
			developmentRegion = English;
			hasScannedForEncodings = 0;
			knownRegions = (
				en,
				Base,
			);
			mainGroup = F85393DB1BB9329D00D630B5;
			productRefGroup = F85393E51BB9329D00D630B5 /* Products */;
			projectDirPath = "";
			projectRoot = "";
			targets = (
				F85393E31BB9329D00D630B5 /* product */,
				F85393FA1BB9329D00D630B5 /* productTests */,
				F85394051BB9329D00D630B5 /* productUITests */,
			);
		};
/* End PBXProject section */

/* Begin PBXResourcesBuildPhase section */
		F85393E21BB9329D00D630B5 /* Resources */ = {
			isa = PBXResourcesBuildPhase;
			buildActionMask = 2147483647;
			files = (
				F85393F51BB9329D00D630B5 /* LaunchScreen.storyboard in Resources */,
				F85393F21BB9329D00D630B5 /* Assets.xcassets in Resources */,
				F85393ED1BB9329D00D630B5 /* Main.storyboard in Resources */,
			);
			runOnlyForDeploymentPostprocessing = 0;
		};
		F85393F91BB9329D00D630B5 /* Resources */ = {
			isa = PBXResourcesBuildPhase;
			buildActionMask = 2147483647;
			files = (
			);
			runOnlyForDeploymentPostprocessing = 0;
		};
		F85394041BB9329D00D630B5 /* Resources */ = {
			isa = PBXResourcesBuildPhase;
			buildActionMask = 2147483647;
			files = (
			);
			runOnlyForDeploymentPostprocessing = 0;
		};
/* End PBXResourcesBuildPhase section */

/* Begin PBXShellScriptBuildPhase section */
		50AC61C8F07F4070D3DFE92F /* Check Pods Manifest.lock */ = {
			isa = PBXShellScriptBuildPhase;
			buildActionMask = 2147483647;
			files = (
			);
			inputPaths = (
			);
			name = "Check Pods Manifest.lock";
			outputPaths = (
			);
			runOnlyForDeploymentPostprocessing = 0;
			shellPath = /bin/sh;
			shellScript = "diff \"${PODS_ROOT}/../Podfile.lock\" \"${PODS_ROOT}/Manifest.lock\" > /dev/null\nif [[ $? != 0 ]] ; then\n    cat << EOM\nerror: The sandbox is not in sync with the Podfile.lock. Run 'pod install' or update your CocoaPods installation.\nEOM\n    exit 1\nfi\n";
			showEnvVarsInLog = 0;
		};
		EA2280085E2386EDC50709C6 /* Copy Pods Resources */ = {
			isa = PBXShellScriptBuildPhase;
			buildActionMask = 2147483647;
			files = (
			);
			inputPaths = (
			);
			name = "Copy Pods Resources";
			outputPaths = (
			);
			runOnlyForDeploymentPostprocessing = 0;
			shellPath = /bin/sh;
			shellScript = "\"${SRCROOT}/Pods/Target Support Files/Pods/Pods-resources.sh\"\n";
			showEnvVarsInLog = 0;
		};
/* End PBXShellScriptBuildPhase section */

/* Begin PBXSourcesBuildPhase section */
		F85393E01BB9329D00D630B5 /* Sources */ = {
			isa = PBXSourcesBuildPhase;
			buildActionMask = 2147483647;
			files = (
				F85393EA1BB9329D00D630B5 /* ViewController.swift in Sources */,
				F8099E7F1BBA3B3A0020D7DE /* ProductDetailView.swift in Sources */,
				F85393F01BB9329D00D630B5 /* product.xcdatamodeld in Sources */,
				F8099E7B1BBA28D40020D7DE /* UIImageView+product.swift in Sources */,
				F88553AC1BB93E3F0000D1D5 /* theme.swift in Sources */,
				F8099E7D1BBA2A320020D7DE /* ProductCellModel.swift in Sources */,
				F88553AE1BB9409C0000D1D5 /* UIColor+product.swift in Sources */,
				F8099E731BBA20950020D7DE /* ProductCell.swift in Sources */,
				F85393E81BB9329D00D630B5 /* AppDelegate.swift in Sources */,
				F8099E751BBA20C20020D7DE /* ProductHeaderView.swift in Sources */,
			);
			runOnlyForDeploymentPostprocessing = 0;
		};
		F85393F71BB9329D00D630B5 /* Sources */ = {
			isa = PBXSourcesBuildPhase;
			buildActionMask = 2147483647;
			files = (
				F85394001BB9329D00D630B5 /* productTests.swift in Sources */,
			);
			runOnlyForDeploymentPostprocessing = 0;
		};
		F85394021BB9329D00D630B5 /* Sources */ = {
			isa = PBXSourcesBuildPhase;
			buildActionMask = 2147483647;
			files = (
				F853940B1BB9329D00D630B5 /* productUITests.swift in Sources */,
			);
			runOnlyForDeploymentPostprocessing = 0;
		};
/* End PBXSourcesBuildPhase section */

/* Begin PBXTargetDependency section */
		F85393FD1BB9329D00D630B5 /* PBXTargetDependency */ = {
			isa = PBXTargetDependency;
			target = F85393E31BB9329D00D630B5 /* product */;
			targetProxy = F85393FC1BB9329D00D630B5 /* PBXContainerItemProxy */;
		};
		F85394081BB9329D00D630B5 /* PBXTargetDependency */ = {
			isa = PBXTargetDependency;
			target = F85393E31BB9329D00D630B5 /* product */;
			targetProxy = F85394071BB9329D00D630B5 /* PBXContainerItemProxy */;
		};
/* End PBXTargetDependency section */

/* Begin PBXVariantGroup section */
		F85393EB1BB9329D00D630B5 /* Main.storyboard */ = {
			isa = PBXVariantGroup;
			children = (
				F85393EC1BB9329D00D630B5 /* Base */,
			);
			name = Main.storyboard;
			sourceTree = "<group>";
		};
		F85393F31BB9329D00D630B5 /* LaunchScreen.storyboard */ = {
			isa = PBXVariantGroup;
			children = (
				F85393F41BB9329D00D630B5 /* Base */,
			);
			name = LaunchScreen.storyboard;
			sourceTree = "<group>";
		};
/* End PBXVariantGroup section */

/* Begin XCBuildConfiguration section */
		F853940D1BB9329D00D630B5 /* Debug */ = {
			isa = XCBuildConfiguration;
			buildSettings = {
				ALWAYS_SEARCH_USER_PATHS = NO;
				CLANG_CXX_LANGUAGE_STANDARD = "gnu++0x";
				CLANG_CXX_LIBRARY = "libc++";
				CLANG_ENABLE_MODULES = YES;
				CLANG_ENABLE_OBJC_ARC = YES;
				CLANG_WARN_BOOL_CONVERSION = YES;
				CLANG_WARN_CONSTANT_CONVERSION = YES;
				CLANG_WARN_DIRECT_OBJC_ISA_USAGE = YES_ERROR;
				CLANG_WARN_EMPTY_BODY = YES;
				CLANG_WARN_ENUM_CONVERSION = YES;
				CLANG_WARN_INT_CONVERSION = YES;
				CLANG_WARN_OBJC_ROOT_CLASS = YES_ERROR;
				CLANG_WARN_UNREACHABLE_CODE = YES;
				CLANG_WARN__DUPLICATE_METHOD_MATCH = YES;
				"CODE_SIGN_IDENTITY[sdk=iphoneos*]" = "iPhone Developer";
				COPY_PHASE_STRIP = NO;
				DEBUG_INFORMATION_FORMAT = dwarf;
				ENABLE_STRICT_OBJC_MSGSEND = YES;
				ENABLE_TESTABILITY = YES;
				GCC_C_LANGUAGE_STANDARD = gnu99;
				GCC_DYNAMIC_NO_PIC = NO;
				GCC_NO_COMMON_BLOCKS = YES;
				GCC_OPTIMIZATION_LEVEL = 0;
				GCC_PREPROCESSOR_DEFINITIONS = (
					"DEBUG=1",
					"$(inherited)",
				);
				GCC_WARN_64_TO_32_BIT_CONVERSION = YES;
				GCC_WARN_ABOUT_RETURN_TYPE = YES_ERROR;
				GCC_WARN_UNDECLARED_SELECTOR = YES;
				GCC_WARN_UNINITIALIZED_AUTOS = YES_AGGRESSIVE;
				GCC_WARN_UNUSED_FUNCTION = YES;
				GCC_WARN_UNUSED_VARIABLE = YES;
				IPHONEOS_DEPLOYMENT_TARGET = 9.0;
				MTL_ENABLE_DEBUG_INFO = YES;
				ONLY_ACTIVE_ARCH = YES;
				SDKROOT = iphoneos;
				SWIFT_OPTIMIZATION_LEVEL = "-Onone";
			};
			name = Debug;
		};
		F853940E1BB9329D00D630B5 /* Release */ = {
			isa = XCBuildConfiguration;
			buildSettings = {
				ALWAYS_SEARCH_USER_PATHS = NO;
				CLANG_CXX_LANGUAGE_STANDARD = "gnu++0x";
				CLANG_CXX_LIBRARY = "libc++";
				CLANG_ENABLE_MODULES = YES;
				CLANG_ENABLE_OBJC_ARC = YES;
				CLANG_WARN_BOOL_CONVERSION = YES;
				CLANG_WARN_CONSTANT_CONVERSION = YES;
				CLANG_WARN_DIRECT_OBJC_ISA_USAGE = YES_ERROR;
				CLANG_WARN_EMPTY_BODY = YES;
				CLANG_WARN_ENUM_CONVERSION = YES;
				CLANG_WARN_INT_CONVERSION = YES;
				CLANG_WARN_OBJC_ROOT_CLASS = YES_ERROR;
				CLANG_WARN_UNREACHABLE_CODE = YES;
				CLANG_WARN__DUPLICATE_METHOD_MATCH = YES;
				"CODE_SIGN_IDENTITY[sdk=iphoneos*]" = "iPhone Developer";
				COPY_PHASE_STRIP = NO;
				DEBUG_INFORMATION_FORMAT = "dwarf-with-dsym";
				ENABLE_NS_ASSERTIONS = NO;
				ENABLE_STRICT_OBJC_MSGSEND = YES;
				GCC_C_LANGUAGE_STANDARD = gnu99;
				GCC_NO_COMMON_BLOCKS = YES;
				GCC_WARN_64_TO_32_BIT_CONVERSION = YES;
				GCC_WARN_ABOUT_RETURN_TYPE = YES_ERROR;
				GCC_WARN_UNDECLARED_SELECTOR = YES;
				GCC_WARN_UNINITIALIZED_AUTOS = YES_AGGRESSIVE;
				GCC_WARN_UNUSED_FUNCTION = YES;
				GCC_WARN_UNUSED_VARIABLE = YES;
				IPHONEOS_DEPLOYMENT_TARGET = 9.0;
				MTL_ENABLE_DEBUG_INFO = NO;
				SDKROOT = iphoneos;
				VALIDATE_PRODUCT = YES;
			};
			name = Release;
		};
		F85394101BB9329D00D630B5 /* Debug */ = {
			isa = XCBuildConfiguration;
			baseConfigurationReference = A461FFECDAE5F9C96E182E0A /* Pods.debug.xcconfig */;
			buildSettings = {
				ASSETCATALOG_COMPILER_APPICON_NAME = AppIcon;
				CLANG_ENABLE_MODULES = YES;
				INFOPLIST_FILE = product/Info.plist;
				LD_RUNPATH_SEARCH_PATHS = "$(inherited) @executable_path/Frameworks";
				PRODUCT_BUNDLE_IDENTIFIER = FF.product;
				PRODUCT_NAME = "$(TARGET_NAME)";
				SWIFT_OBJC_BRIDGING_HEADER = "product/product-Bridging-Header.h";
				SWIFT_OPTIMIZATION_LEVEL = "-Onone";
			};
			name = Debug;
		};
		F85394111BB9329D00D630B5 /* Release */ = {
			isa = XCBuildConfiguration;
			baseConfigurationReference = 322D9EC62E2A25F6A22760F2 /* Pods.release.xcconfig */;
			buildSettings = {
				ASSETCATALOG_COMPILER_APPICON_NAME = AppIcon;
				CLANG_ENABLE_MODULES = YES;
				INFOPLIST_FILE = product/Info.plist;
				LD_RUNPATH_SEARCH_PATHS = "$(inherited) @executable_path/Frameworks";
				PRODUCT_BUNDLE_IDENTIFIER = FF.product;
				PRODUCT_NAME = "$(TARGET_NAME)";
				SWIFT_OBJC_BRIDGING_HEADER = "product/product-Bridging-Header.h";
			};
			name = Release;
		};
		F85394131BB9329D00D630B5 /* Debug */ = {
			isa = XCBuildConfiguration;
			buildSettings = {
				BUNDLE_LOADER = "$(TEST_HOST)";
				INFOPLIST_FILE = productTests/Info.plist;
				LD_RUNPATH_SEARCH_PATHS = "$(inherited) @executable_path/Frameworks @loader_path/Frameworks";
				PRODUCT_BUNDLE_IDENTIFIER = FF.productTests;
				PRODUCT_NAME = "$(TARGET_NAME)";
				TEST_HOST = "$(BUILT_PRODUCTS_DIR)/product.app/product";
			};
			name = Debug;
		};
		F85394141BB9329D00D630B5 /* Release */ = {
			isa = XCBuildConfiguration;
			buildSettings = {
				BUNDLE_LOADER = "$(TEST_HOST)";
				INFOPLIST_FILE = productTests/Info.plist;
				LD_RUNPATH_SEARCH_PATHS = "$(inherited) @executable_path/Frameworks @loader_path/Frameworks";
				PRODUCT_BUNDLE_IDENTIFIER = FF.productTests;
				PRODUCT_NAME = "$(TARGET_NAME)";
				TEST_HOST = "$(BUILT_PRODUCTS_DIR)/product.app/product";
			};
			name = Release;
		};
		F85394161BB9329D00D630B5 /* Debug */ = {
			isa = XCBuildConfiguration;
			buildSettings = {
				INFOPLIST_FILE = productUITests/Info.plist;
				LD_RUNPATH_SEARCH_PATHS = "$(inherited) @executable_path/Frameworks @loader_path/Frameworks";
				PRODUCT_BUNDLE_IDENTIFIER = FF.productUITests;
				PRODUCT_NAME = "$(TARGET_NAME)";
				TEST_TARGET_NAME = product;
				USES_XCTRUNNER = YES;
			};
			name = Debug;
		};
		F85394171BB9329D00D630B5 /* Release */ = {
			isa = XCBuildConfiguration;
			buildSettings = {
				INFOPLIST_FILE = productUITests/Info.plist;
				LD_RUNPATH_SEARCH_PATHS = "$(inherited) @executable_path/Frameworks @loader_path/Frameworks";
				PRODUCT_BUNDLE_IDENTIFIER = FF.productUITests;
				PRODUCT_NAME = "$(TARGET_NAME)";
				TEST_TARGET_NAME = product;
				USES_XCTRUNNER = YES;
			};
			name = Release;
		};
/* End XCBuildConfiguration section */

/* Begin XCConfigurationList section */
		F85393DF1BB9329D00D630B5 /* Build configuration list for PBXProject "product" */ = {
			isa = XCConfigurationList;
			buildConfigurations = (
				F853940D1BB9329D00D630B5 /* Debug */,
				F853940E1BB9329D00D630B5 /* Release */,
			);
			defaultConfigurationIsVisible = 0;
			defaultConfigurationName = Release;
		};
		F853940F1BB9329D00D630B5 /* Build configuration list for PBXNativeTarget "product" */ = {
			isa = XCConfigurationList;
			buildConfigurations = (
				F85394101BB9329D00D630B5 /* Debug */,
				F85394111BB9329D00D630B5 /* Release */,
			);
			defaultConfigurationIsVisible = 0;
			defaultConfigurationName = Release;
		};
		F85394121BB9329D00D630B5 /* Build configuration list for PBXNativeTarget "productTests" */ = {
			isa = XCConfigurationList;
			buildConfigurations = (
				F85394131BB9329D00D630B5 /* Debug */,
				F85394141BB9329D00D630B5 /* Release */,
			);
			defaultConfigurationIsVisible = 0;
			defaultConfigurationName = Release;
		};
		F85394151BB9329D00D630B5 /* Build configuration list for PBXNativeTarget "productUITests" */ = {
			isa = XCConfigurationList;
			buildConfigurations = (
				F85394161BB9329D00D630B5 /* Debug */,
				F85394171BB9329D00D630B5 /* Release */,
			);
			defaultConfigurationIsVisible = 0;
			defaultConfigurationName = Release;
		};
/* End XCConfigurationList section */

/* Begin XCVersionGroup section */
		F85393EE1BB9329D00D630B5 /* product.xcdatamodeld */ = {
			isa = XCVersionGroup;
			children = (
				F85393EF1BB9329D00D630B5 /* product.xcdatamodel */,
			);
			currentVersion = F85393EF1BB9329D00D630B5 /* product.xcdatamodel */;
			path = product.xcdatamodeld;
			sourceTree = "<group>";
			versionGroupType = wrapper.xcdatamodel;
		};
/* End XCVersionGroup section */
	};
	rootObject = F85393DC1BB9329D00D630B5 /* Project object */;
}
